
Microsoft Visual Studio Solution File, Format Version 12.00
# Visual Studio Version 17
VisualStudioVersion = 17.5.33502.453
MinimumVisualStudioVersion = 10.0.40219.1
Project("{8BC9CEB8-8B4A-11D0-8D11-00A0C91BC942}") = "Scripting and Programming Applications", "Scripting and Programming Applications\Scripting and Programming Applications.vcxproj", "{981238B7-3151-4A82-9607-90D67D659A93}"
EndProject
Global
	GlobalSection(SolutionConfigurationPlatforms) = preSolution
		Debug|x64 = Debug|x64
		Debug|x86 = Debug|x86
		Release|x64 = Release|x64
		Release|x86 = Release|x86
	EndGlobalSection
	GlobalSection(ProjectConfigurationPlatforms) = postSolution
		{981238B7-3151-4A82-9607-90D67D659A93}.Debug|x64.ActiveCfg = Debug|x64
		{981238B7-3151-4A82-9607-90D67D659A93}.Debug|x64.Build.0 = Debug|x64
		{981238B7-3151-4A82-9607-90D67D659A93}.Debug|x86.ActiveCfg = Debug|Win32
		{981238B7-3151-4A82-9607-90D67D659A93}.Debug|x86.Build.0 = Debug|Win32
		{981238B7-3151-4A82-9607-90D67D659A93}.Release|x64.ActiveCfg = Release|x64
		{981238B7-3151-4A82-9607-90D67D659A93}.Release|x64.Build.0 = Release|x64
		{981238B7-3151-4A82-9607-90D67D659A93}.Release|x86.ActiveCfg = Release|Win32
		{981238B7-3151-4A82-9607-90D67D659A93}.Release|x86.Build.0 = Release|Win32
	EndGlobalSection
	GlobalSection(SolutionProperties) = preSolution
		HideSolutionNode = FALSE
	EndGlobalSection
	GlobalSection(ExtensibilityGlobals) = postSolution
		SolutionGuid = {7B3182D7-061F-43C8-AA7D-01004904B1E8}
	EndGlobalSection
EndGlobal
